// !$*UTF8*$!
{
	archiveVersion = 1;
	classes = {
	};
	objectVersion = 46;
	objects = {

/* Begin PBXBuildFile section */
		5841CD5A1A91CD54009887FF /* main.m in Sources */ = {isa = PBXBuildFile; fileRef = 5841CD591A91CD54009887FF /* main.m */; };
		5841CD5D1A91CD54009887FF /* AppDelegate.m in Sources */ = {isa = PBXBuildFile; fileRef = 5841CD5C1A91CD54009887FF /* AppDelegate.m */; };
		5841CD601A91CD54009887FF /* ViewController.m in Sources */ = {isa = PBXBuildFile; fileRef = 5841CD5F1A91CD54009887FF /* ViewController.m */; };
		5841CD631A91CD54009887FF /* Main.storyboard in Resources */ = {isa = PBXBuildFile; fileRef = 5841CD611A91CD54009887FF /* Main.storyboard */; };
		5841CD651A91CD54009887FF /* Images.xcassets in Resources */ = {isa = PBXBuildFile; fileRef = 5841CD641A91CD54009887FF /* Images.xcassets */; };
		5841CD681A91CD54009887FF /* LaunchScreen.xib in Resources */ = {isa = PBXBuildFile; fileRef = 5841CD661A91CD54009887FF /* LaunchScreen.xib */; };
		5841CD741A91CD54009887FF /* PonyDebugSampleTests.m in Sources */ = {isa = PBXBuildFile; fileRef = 5841CD731A91CD54009887FF /* PonyDebugSampleTests.m */; };
/* End PBXBuildFile section */

/* Begin PBXContainerItemProxy section */
		5841CD6E1A91CD54009887FF /* PBXContainerItemProxy */ = {
			isa = PBXContainerItemProxy;
			containerPortal = 5841CD4C1A91CD54009887FF /* Project object */;
			proxyType = 1;
			remoteGlobalIDString = 5841CD531A91CD54009887FF;
			remoteInfo = PonyDebugSample;
		};
/* End PBXContainerItemProxy section */

/* Begin PBXFileReference section */
		5841CD541A91CD54009887FF /* PonyDebugSample.app */ = {isa = PBXFileReference; explicitFileType = wrapper.application; includeInIndex = 0; path = PonyDebugSample.app; sourceTree = BUILT_PRODUCTS_DIR; };
		5841CD581A91CD54009887FF /* Info.plist */ = {isa = PBXFileReference; lastKnownFileType = text.plist.xml; path = Info.plist; sourceTree = "<group>"; };
		5841CD591A91CD54009887FF /* main.m */ = {isa = PBXFileReference; lastKnownFileType = sourcecode.c.objc; path = main.m; sourceTree = "<group>"; };
		5841CD5B1A91CD54009887FF /* AppDelegate.h */ = {isa = PBXFileReference; lastKnownFileType = sourcecode.c.h; path = AppDelegate.h; sourceTree = "<group>"; };
		5841CD5C1A91CD54009887FF /* AppDelegate.m */ = {isa = PBXFileReference; lastKnownFileType = sourcecode.c.objc; path = AppDelegate.m; sourceTree = "<group>"; };
		5841CD5E1A91CD54009887FF /* ViewController.h */ = {isa = PBXFileReference; lastKnownFileType = sourcecode.c.h; path = ViewController.h; sourceTree = "<group>"; };
		5841CD5F1A91CD54009887FF /* ViewController.m */ = {isa = PBXFileReference; lastKnownFileType = sourcecode.c.objc; path = ViewController.m; sourceTree = "<group>"; };
		5841CD621A91CD54009887FF /* Base */ = {isa = PBXFileReference; lastKnownFileType = file.storyboard; name = Base; path = Base.lproj/Main.storyboard; sourceTree = "<group>"; };
		5841CD641A91CD54009887FF /* Images.xcassets */ = {isa = PBXFileReference; lastKnownFileType = folder.assetcatalog; path = Images.xcassets; sourceTree = "<group>"; };
		5841CD671A91CD54009887FF /* Base */ = {isa = PBXFileReference; lastKnownFileType = file.xib; name = Base; path = Base.lproj/LaunchScreen.xib; sourceTree = "<group>"; };
		5841CD6D1A91CD54009887FF /* PonyDebugSampleTests.xctest */ = {isa = PBXFileReference; explicitFileType = wrapper.cfbundle; includeInIndex = 0; path = PonyDebugSampleTests.xctest; sourceTree = BUILT_PRODUCTS_DIR; };
		5841CD721A91CD54009887FF /* Info.plist */ = {isa = PBXFileReference; lastKnownFileType = text.plist.xml; path = Info.plist; sourceTree = "<group>"; };
		5841CD731A91CD54009887FF /* PonyDebugSampleTests.m */ = {isa = PBXFileReference; lastKnownFileType = sourcecode.c.objc; path = PonyDebugSampleTests.m; sourceTree = "<group>"; };
/* End PBXFileReference section */

/* Begin PBXFrameworksBuildPhase section */
		5841CD511A91CD54009887FF /* Frameworks */ = {
			isa = PBXFrameworksBuildPhase;
			buildActionMask = 2147483647;
			files = (
			);
			runOnlyForDeploymentPostprocessing = 0;
		};
		5841CD6A1A91CD54009887FF /* Frameworks */ = {
			isa = PBXFrameworksBuildPhase;
			buildActionMask = 2147483647;
			files = (
			);
			runOnlyForDeploymentPostprocessing = 0;
		};
/* End PBXFrameworksBuildPhase section */

/* Begin PBXGroup section */
		5841CD4B1A91CD54009887FF = {
			isa = PBXGroup;
			children = (
				5841CD561A91CD54009887FF /* PonyDebugSample */,
				5841CD701A91CD54009887FF /* PonyDebugSampleTests */,
				5841CD551A91CD54009887FF /* Products */,
			);
			sourceTree = "<group>";
		};
		5841CD551A91CD54009887FF /* Products */ = {
			isa = PBXGroup;
			children = (
				5841CD541A91CD54009887FF /* PonyDebugSample.app */,
				5841CD6D1A91CD54009887FF /* PonyDebugSampleTests.xctest */,
			);
			name = Products;
			sourceTree = "<group>";
		};
		5841CD561A91CD54009887FF /* PonyDebugSample */ = {
			isa = PBXGroup;
			children = (
				5841CD5B1A91CD54009887FF /* AppDelegate.h */,
				5841CD5C1A91CD54009887FF /* AppDelegate.m */,
				5841CD5E1A91CD54009887FF /* ViewController.h */,
				5841CD5F1A91CD54009887FF /* ViewController.m */,
				5841CD611A91CD54009887FF /* Main.storyboard */,
				5841CD641A91CD54009887FF /* Images.xcassets */,
				5841CD661A91CD54009887FF /* LaunchScreen.xib */,
				5841CD571A91CD54009887FF /* Supporting Files */,
			);
			path = PonyDebugSample;
			sourceTree = "<group>";
		};
		5841CD571A91CD54009887FF /* Supporting Files */ = {
			isa = PBXGroup;
			children = (
				5841CD581A91CD54009887FF /* Info.plist */,
				5841CD591A91CD54009887FF /* main.m */,
			);
			name = "Supporting Files";
			sourceTree = "<group>";
		};
		5841CD701A91CD54009887FF /* PonyDebugSampleTests */ = {
			isa = PBXGroup;
			children = (
				5841CD731A91CD54009887FF /* PonyDebugSampleTests.m */,
				5841CD711A91CD54009887FF /* Supporting Files */,
			);
			path = PonyDebugSampleTests;
			sourceTree = "<group>";
		};
		5841CD711A91CD54009887FF /* Supporting Files */ = {
			isa = PBXGroup;
			children = (
				5841CD721A91CD54009887FF /* Info.plist */,
			);
			name = "Supporting Files";
			sourceTree = "<group>";
		};
/* End PBXGroup section */

/* Begin PBXNativeTarget section */
		5841CD531A91CD54009887FF /* PonyDebugSample */ = {
			isa = PBXNativeTarget;
			buildConfigurationList = 5841CD771A91CD54009887FF /* Build configuration list for PBXNativeTarget "PonyDebugSample" */;
			buildPhases = (
				5841CD501A91CD54009887FF /* Sources */,
				5841CD511A91CD54009887FF /* Frameworks */,
				5841CD521A91CD54009887FF /* Resources */,
			);
			buildRules = (
			);
			dependencies = (
			);
			name = PonyDebugSample;
			productName = PonyDebugSample;
			productReference = 5841CD541A91CD54009887FF /* PonyDebugSample.app */;
			productType = "com.apple.product-type.application";
		};
		5841CD6C1A91CD54009887FF /* PonyDebugSampleTests */ = {
			isa = PBXNativeTarget;
			buildConfigurationList = 5841CD7A1A91CD54009887FF /* Build configuration list for PBXNativeTarget "PonyDebugSampleTests" */;
			buildPhases = (
				5841CD691A91CD54009887FF /* Sources */,
				5841CD6A1A91CD54009887FF /* Frameworks */,
				5841CD6B1A91CD54009887FF /* Resources */,
			);
			buildRules = (
			);
			dependencies = (
				5841CD6F1A91CD54009887FF /* PBXTargetDependency */,
			);
			name = PonyDebugSampleTests;
			productName = PonyDebugSampleTests;
			productReference = 5841CD6D1A91CD54009887FF /* PonyDebugSampleTests.xctest */;
			productType = "com.apple.product-type.bundle.unit-test";
		};
/* End PBXNativeTarget section */

/* Begin PBXProject section */
		5841CD4C1A91CD54009887FF /* Project object */ = {
			isa = PBXProject;
			attributes = {
				LastUpgradeCheck = 0610;
				ORGANIZATIONNAME = "HIRATSUKA SHUNSUKE";
				TargetAttributes = {
					5841CD531A91CD54009887FF = {
						CreatedOnToolsVersion = 6.1.1;
					};
					5841CD6C1A91CD54009887FF = {
						CreatedOnToolsVersion = 6.1.1;
						TestTargetID = 5841CD531A91CD54009887FF;
					};
				};
			};
			buildConfigurationList = 5841CD4F1A91CD54009887FF /* Build configuration list for PBXProject "PonyDebugSample" */;
			compatibilityVersion = "Xcode 3.2";
			developmentRegion = English;
			hasScannedForEncodings = 0;
			knownRegions = (
				en,
				Base,
			);
			mainGroup = 5841CD4B1A91CD54009887FF;
			productRefGroup = 5841CD551A91CD54009887FF /* Products */;
			projectDirPath = "";
			projectRoot = "";
			targets = (
				5841CD531A91CD54009887FF /* PonyDebugSample */,
				5841CD6C1A91CD54009887FF /* PonyDebugSampleTests */,
			);
		};
/* End PBXProject section */

/* Begin PBXResourcesBuildPhase section */
		5841CD521A91CD54009887FF /* Resources */ = {
			isa = PBXResourcesBuildPhase;
			buildActionMask = 2147483647;
			files = (
				5841CD631A91CD54009887FF /* Main.storyboard in Resources */,
				5841CD681A91CD54009887FF /* LaunchScreen.xib in Resources */,
				5841CD651A91CD54009887FF /* Images.xcassets in Resources */,
			);
			runOnlyForDeploymentPostprocessing = 0;
		};
		5841CD6B1A91CD54009887FF /* Resources */ = {
			isa = PBXResourcesBuildPhase;
			buildActionMask = 2147483647;
			files = (
			);
			runOnlyForDeploymentPostprocessing = 0;
		};
/* End PBXResourcesBuildPhase section */

/* Begin PBXSourcesBuildPhase section */
		5841CD501A91CD54009887FF /* Sources */ = {
			isa = PBXSourcesBuildPhase;
			buildActionMask = 2147483647;
			files = (
				5841CD601A91CD54009887FF /* ViewController.m in Sources */,
				5841CD5D1A91CD54009887FF /* AppDelegate.m in Sources */,
				5841CD5A1A91CD54009887FF /* main.m in Sources */,
			);
			runOnlyForDeploymentPostprocessing = 0;
		};
		5841CD691A91CD54009887FF /* Sources */ = {
			isa = PBXSourcesBuildPhase;
			buildActionMask = 2147483647;
			files = (
				5841CD741A91CD54009887FF /* PonyDebugSampleTests.m in Sources */,
			);
			runOnlyForDeploymentPostprocessing = 0;
		};
/* End PBXSourcesBuildPhase section */

/* Begin PBXTargetDependency section */
		5841CD6F1A91CD54009887FF /* PBXTargetDependency */ = {
			isa = PBXTargetDependency;
			target = 5841CD531A91CD54009887FF /* PonyDebugSample */;
			targetProxy = 5841CD6E1A91CD54009887FF /* PBXContainerItemProxy */;
		};
/* End PBXTargetDependency section */

/* Begin PBXVariantGroup section */
		5841CD611A91CD54009887FF /* Main.storyboard */ = {
			isa = PBXVariantGroup;
			children = (
				5841CD621A91CD54009887FF /* Base */,
			);
			name = Main.storyboard;
			sourceTree = "<group>";
		};
		5841CD661A91CD54009887FF /* LaunchScreen.xib */ = {
			isa = PBXVariantGroup;
			children = (
				5841CD671A91CD54009887FF /* Base */,
			);
			name = LaunchScreen.xib;
			sourceTree = "<group>";
		};
/* End PBXVariantGroup section */

/* Begin XCBuildConfiguration section */
		5841CD751A91CD54009887FF /* Debug */ = {
			isa = XCBuildConfiguration;
			buildSettings = {
				ALWAYS_SEARCH_USER_PATHS = NO;
				CLANG_CXX_LANGUAGE_STANDARD = "gnu++0x";
				CLANG_CXX_LIBRARY = "libc++";
				CLANG_ENABLE_MODULES = YES;
				CLANG_ENABLE_OBJC_ARC = YES;
				CLANG_WARN_BOOL_CONVERSION = YES;
				CLANG_WARN_CONSTANT_CONVERSION = YES;
				CLANG_WARN_DIRECT_OBJC_ISA_USAGE = YES_ERROR;
				CLANG_WARN_EMPTY_BODY = YES;
				CLANG_WARN_ENUM_CONVERSION = YES;
				CLANG_WARN_INT_CONVERSION = YES;
				CLANG_WARN_OBJC_ROOT_CLASS = YES_ERROR;
				CLANG_WARN_UNREACHABLE_CODE = YES;
				CLANG_WARN__DUPLICATE_METHOD_MATCH = YES;
				"CODE_SIGN_IDENTITY[sdk=iphoneos*]" = "iPhone Developer";
				COPY_PHASE_STRIP = NO;
				ENABLE_STRICT_OBJC_MSGSEND = YES;
				GCC_C_LANGUAGE_STANDARD = gnu99;
				GCC_DYNAMIC_NO_PIC = NO;
				GCC_OPTIMIZATION_LEVEL = 0;
				GCC_PREPROCESSOR_DEFINITIONS = (
					"DEBUG=1",
					"$(inherited)",
				);
				GCC_SYMBOLS_PRIVATE_EXTERN = NO;
				GCC_WARN_64_TO_32_BIT_CONVERSION = YES;
				GCC_WARN_ABOUT_RETURN_TYPE = YES_ERROR;
				GCC_WARN_UNDECLARED_SELECTOR = YES;
				GCC_WARN_UNINITIALIZED_AUTOS = YES_AGGRESSIVE;
				GCC_WARN_UNUSED_FUNCTION = YES;
				GCC_WARN_UNUSED_VARIABLE = YES;
				IPHONEOS_DEPLOYMENT_TARGET = 8.1;
				MTL_ENABLE_DEBUG_INFO = YES;
				ONLY_ACTIVE_ARCH = YES;
				SDKROOT = iphoneos;
			};
			name = Debug;
		};
		5841CD761A91CD54009887FF /* Release */ = {
			isa = XCBuildConfiguration;
			buildSettings = {
				ALWAYS_SEARCH_USER_PATHS = NO;
				CLANG_CXX_LANGUAGE_STANDARD = "gnu++0x";
				CLANG_CXX_LIBRARY = "libc++";
				CLANG_ENABLE_MODULES = YES;
				CLANG_ENABLE_OBJC_ARC = YES;
				CLANG_WARN_BOOL_CONVERSION = YES;
				CLANG_WARN_CONSTANT_CONVERSION = YES;
				CLANG_WARN_DIRECT_OBJC_ISA_USAGE = YES_ERROR;
				CLANG_WARN_EMPTY_BODY = YES;
				CLANG_WARN_ENUM_CONVERSION = YES;
				CLANG_WARN_INT_CONVERSION = YES;
				CLANG_WARN_OBJC_ROOT_CLASS = YES_ERROR;
				CLANG_WARN_UNREACHABLE_CODE = YES;
				CLANG_WARN__DUPLICATE_METHOD_MATCH = YES;
				"CODE_SIGN_IDENTITY[sdk=iphoneos*]" = "iPhone Developer";
				COPY_PHASE_STRIP = YES;
				ENABLE_NS_ASSERTIONS = NO;
				ENABLE_STRICT_OBJC_MSGSEND = YES;
				GCC_C_LANGUAGE_STANDARD = gnu99;
				GCC_WARN_64_TO_32_BIT_CONVERSION = YES;
				GCC_WARN_ABOUT_RETURN_TYPE = YES_ERROR;
				GCC_WARN_UNDECLARED_SELECTOR = YES;
				GCC_WARN_UNINITIALIZED_AUTOS = YES_AGGRESSIVE;
				GCC_WARN_UNUSED_FUNCTION = YES;
				GCC_WARN_UNUSED_VARIABLE = YES;
				IPHONEOS_DEPLOYMENT_TARGET = 8.1;
				MTL_ENABLE_DEBUG_INFO = NO;
				SDKROOT = iphoneos;
				VALIDATE_PRODUCT = YES;
			};
			name = Release;
		};
		5841CD781A91CD54009887FF /* Debug */ = {
			isa = XCBuildConfiguration;
			buildSettings = {
				ASSETCATALOG_COMPILER_APPICON_NAME = AppIcon;
				INFOPLIST_FILE = PonyDebugSample/Info.plist;
				LD_RUNPATH_SEARCH_PATHS = "$(inherited) @executable_path/Frameworks";
				PRODUCT_NAME = "$(TARGET_NAME)";
			};
			name = Debug;
		};
		5841CD791A91CD54009887FF /* Release */ = {
			isa = XCBuildConfiguration;
			buildSettings = {
				ASSETCATALOG_COMPILER_APPICON_NAME = AppIcon;
				INFOPLIST_FILE = PonyDebugSample/Info.plist;
				LD_RUNPATH_SEARCH_PATHS = "$(inherited) @executable_path/Frameworks";
				PRODUCT_NAME = "$(TARGET_NAME)";
			};
			name = Release;
		};
		5841CD7B1A91CD54009887FF /* Debug */ = {
			isa = XCBuildConfiguration;
			buildSettings = {
				BUNDLE_LOADER = "$(TEST_HOST)";
				FRAMEWORK_SEARCH_PATHS = (
					"$(SDKROOT)/Developer/Library/Frameworks",
					"$(inherited)",
				);
				GCC_PREPROCESSOR_DEFINITIONS = (
					"DEBUG=1",
					"$(inherited)",
				);
				INFOPLIST_FILE = PonyDebugSampleTests/Info.plist;
				LD_RUNPATH_SEARCH_PATHS = "$(inherited) @executable_path/Frameworks @loader_path/Frameworks";
				PRODUCT_NAME = "$(TARGET_NAME)";
				TEST_HOST = "$(BUILT_PRODUCTS_DIR)/PonyDebugSample.app/PonyDebugSample";
			};
			name = Debug;
		};
		5841CD7C1A91CD54009887FF /* Release */ = {
			isa = XCBuildConfiguration;
			buildSettings = {
				BUNDLE_LOADER = "$(TEST_HOST)";
				FRAMEWORK_SEARCH_PATHS = (
					"$(SDKROOT)/Developer/Library/Frameworks",
					"$(inherited)",
				);
				INFOPLIST_FILE = PonyDebugSampleTests/Info.plist;
				LD_RUNPATH_SEARCH_PATHS = "$(inherited) @executable_path/Frameworks @loader_path/Frameworks";
				PRODUCT_NAME = "$(TARGET_NAME)";
				TEST_HOST = "$(BUILT_PRODUCTS_DIR)/PonyDebugSample.app/PonyDebugSample";
			};
			name = Release;
		};
/* End XCBuildConfiguration section */

/* Begin XCConfigurationList section */
		5841CD4F1A91CD54009887FF /* Build configuration list for PBXProject "PonyDebugSample" */ = {
			isa = XCConfigurationList;
			buildConfigurations = (
				5841CD751A91CD54009887FF /* Debug */,
				5841CD761A91CD54009887FF /* Release */,
			);
			defaultConfigurationIsVisible = 0;
			defaultConfigurationName = Release;
		};
		5841CD771A91CD54009887FF /* Build configuration list for PBXNativeTarget "PonyDebugSample" */ = {
			isa = XCConfigurationList;
			buildConfigurations = (
				5841CD781A91CD54009887FF /* Debug */,
				5841CD791A91CD54009887FF /* Release */,
			);
			defaultConfigurationIsVisible = 0;
		};
		5841CD7A1A91CD54009887FF /* Build configuration list for PBXNativeTarget "PonyDebugSampleTests" */ = {
			isa = XCConfigurationList;
			buildConfigurations = (
				5841CD7B1A91CD54009887FF /* Debug */,
				5841CD7C1A91CD54009887FF /* Release */,
			);
			defaultConfigurationIsVisible = 0;
		};
/* End XCConfigurationList section */
	};
	rootObject = 5841CD4C1A91CD54009887FF /* Project object */;
}
